
Microsoft Visual Studio Solution File, Format Version 12.00
# Visual Studio Version 16
VisualStudioVersion = 16.0.29503.13
MinimumVisualStudioVersion = 10.0.40219.1
Project("{FAE04EC0-301F-11D3-BF4B-00C04F79EFBC}") = "WebApp45", "WebApp45\WebApp45.csproj", "{7B5B3347-FC29-49FB-8D09-6EFB32C3E12E}"
EndProject
Global
	GlobalSection(SolutionConfigurationPlatforms) = preSolution
		Debug|Any CPU = Debug|Any CPU
		Release|Any CPU = Release|Any CPU
	EndGlobalSection
	GlobalSection(ProjectConfigurationPlatforms) = postSolution
		{7B5B3347-FC29-49FB-8D09-6EFB32C3E12E}.Debug|Any CPU.ActiveCfg = Debug|Any CPU
		{7B5B3347-FC29-49FB-8D09-6EFB32C3E12E}.Debug|Any CPU.Build.0 = Debug|Any CPU
		{7B5B3347-FC29-49FB-8D09-6EFB32C3E12E}.Release|Any CPU.ActiveCfg = Release|Any CPU
		{7B5B3347-FC29-49FB-8D09-6EFB32C3E12E}.Release|Any CPU.Build.0 = Release|Any CPU
	EndGlobalSection
	GlobalSection(SolutionProperties) = preSolution
		HideSolutionNode = FALSE
	EndGlobalSection
	GlobalSection(ExtensibilityGlobals) = postSolution
		SolutionGuid = {94A9E798-1465-468E-B683-59D2C2ADF5FA}
	EndGlobalSection
EndGlobal
